
Microsoft Visual Studio Solution File, Format Version 12.00
# Visual Studio Version 17
VisualStudioVersion = 17.2.32630.192
MinimumVisualStudioVersion = 10.0.40219.1
Project("{FAE04EC0-301F-11D3-BF4B-00C04F79EFBC}") = "WebApi", "WebApi\WebApi.csproj", "{0AE29135-6085-453E-88C3-672BD218C76C}"
EndProject
Project("{FAE04EC0-301F-11D3-BF4B-00C04F79EFBC}") = "Data", "Data\Data.csproj", "{660C7B73-6638-4B7F-9F08-507F16DABEED}"
EndProject
Global
	GlobalSection(SolutionConfigurationPlatforms) = preSolution
		Debug|Any CPU = Debug|Any CPU
		Release|Any CPU = Release|Any CPU
	EndGlobalSection
	GlobalSection(ProjectConfigurationPlatforms) = postSolution
		{0AE29135-6085-453E-88C3-672BD218C76C}.Debug|Any CPU.ActiveCfg = Debug|Any CPU
		{0AE29135-6085-453E-88C3-672BD218C76C}.Debug|Any CPU.Build.0 = Debug|Any CPU
		{0AE29135-6085-453E-88C3-672BD218C76C}.Release|Any CPU.ActiveCfg = Release|Any CPU
		{0AE29135-6085-453E-88C3-672BD218C76C}.Release|Any CPU.Build.0 = Release|Any CPU
		{660C7B73-6638-4B7F-9F08-507F16DABEED}.Debug|Any CPU.ActiveCfg = Debug|Any CPU
		{660C7B73-6638-4B7F-9F08-507F16DABEED}.Debug|Any CPU.Build.0 = Debug|Any CPU
		{660C7B73-6638-4B7F-9F08-507F16DABEED}.Release|Any CPU.ActiveCfg = Release|Any CPU
		{660C7B73-6638-4B7F-9F08-507F16DABEED}.Release|Any CPU.Build.0 = Release|Any CPU
	EndGlobalSection
	GlobalSection(SolutionProperties) = preSolution
		HideSolutionNode = FALSE
	EndGlobalSection
	GlobalSection(ExtensibilityGlobals) = postSolution
		SolutionGuid = {79CE3FA8-F58B-41DB-858C-5CE686F47D6D}
	EndGlobalSection
EndGlobal
